
Microsoft Visual Studio Solution File, Format Version 12.00
# Visual Studio Version 17
VisualStudioVersion = 17.2.32505.173
MinimumVisualStudioVersion = 10.0.40219.1
Project("{FAE04EC0-301F-11D3-BF4B-00C04F79EFBC}") = "Game.Library", "Game.Library\Game.Library.csproj", "{AA95139B-118D-4F50-A35C-DBBBB176D480}"
EndProject
Project("{FAE04EC0-301F-11D3-BF4B-00C04F79EFBC}") = "Siralama", "Top5Form\Siralama.csproj", "{5CB145F5-7F09-4D9F-A70B-AC93FA606B28}"
EndProject
Project("{FAE04EC0-301F-11D3-BF4B-00C04F79EFBC}") = "Sancar", "SancarRocket\Sancar.csproj", "{09B5F70B-05D2-4186-9D46-A83445F08A36}"
EndProject
Global
	GlobalSection(SolutionConfigurationPlatforms) = preSolution
		Debug|Any CPU = Debug|Any CPU
		Release|Any CPU = Release|Any CPU
	EndGlobalSection
	GlobalSection(ProjectConfigurationPlatforms) = postSolution
		{AA95139B-118D-4F50-A35C-DBBBB176D480}.Debug|Any CPU.ActiveCfg = Debug|Any CPU
		{AA95139B-118D-4F50-A35C-DBBBB176D480}.Debug|Any CPU.Build.0 = Debug|Any CPU
		{AA95139B-118D-4F50-A35C-DBBBB176D480}.Release|Any CPU.ActiveCfg = Release|Any CPU
		{AA95139B-118D-4F50-A35C-DBBBB176D480}.Release|Any CPU.Build.0 = Release|Any CPU
		{5CB145F5-7F09-4D9F-A70B-AC93FA606B28}.Debug|Any CPU.ActiveCfg = Debug|Any CPU
		{5CB145F5-7F09-4D9F-A70B-AC93FA606B28}.Debug|Any CPU.Build.0 = Debug|Any CPU
		{5CB145F5-7F09-4D9F-A70B-AC93FA606B28}.Release|Any CPU.ActiveCfg = Release|Any CPU
		{5CB145F5-7F09-4D9F-A70B-AC93FA606B28}.Release|Any CPU.Build.0 = Release|Any CPU
		{09B5F70B-05D2-4186-9D46-A83445F08A36}.Debug|Any CPU.ActiveCfg = Debug|Any CPU
		{09B5F70B-05D2-4186-9D46-A83445F08A36}.Debug|Any CPU.Build.0 = Debug|Any CPU
		{09B5F70B-05D2-4186-9D46-A83445F08A36}.Release|Any CPU.ActiveCfg = Release|Any CPU
		{09B5F70B-05D2-4186-9D46-A83445F08A36}.Release|Any CPU.Build.0 = Release|Any CPU
	EndGlobalSection
	GlobalSection(SolutionProperties) = preSolution
		HideSolutionNode = FALSE
	EndGlobalSection
	GlobalSection(ExtensibilityGlobals) = postSolution
		SolutionGuid = {4D098D05-F90A-4EAF-9DDC-15966A223CAD}
	EndGlobalSection
EndGlobal
